
Microsoft Visual Studio Solution File, Format Version 12.00
# Visual Studio 14
VisualStudioVersion = 14.0.25420.1
MinimumVisualStudioVersion = 10.0.40219.1
Project("{FAE04EC0-301F-11D3-BF4B-00C04F79EFBC}") = "RutokenWebSite", "RutokenWebSite.csproj", "{3E5E4D71-DF38-44CA-B7BE-5B30EB2E977C}"
EndProject
Project("{FAE04EC0-301F-11D3-BF4B-00C04F79EFBC}") = "RutokenWebPlugin", "..\RutokenWebPlugin\RutokenWebPlugin.csproj", "{33AE1EDF-935C-43F5-A4BB-F378F216BDBF}"
EndProject
Global
	GlobalSection(SolutionConfigurationPlatforms) = preSolution
		Debug|Any CPU = Debug|Any CPU
		Release|Any CPU = Release|Any CPU
	EndGlobalSection
	GlobalSection(ProjectConfigurationPlatforms) = postSolution
		{3E5E4D71-DF38-44CA-B7BE-5B30EB2E977C}.Debug|Any CPU.ActiveCfg = Debug|Any CPU
		{3E5E4D71-DF38-44CA-B7BE-5B30EB2E977C}.Debug|Any CPU.Build.0 = Debug|Any CPU
		{3E5E4D71-DF38-44CA-B7BE-5B30EB2E977C}.Release|Any CPU.ActiveCfg = Release|Any CPU
		{3E5E4D71-DF38-44CA-B7BE-5B30EB2E977C}.Release|Any CPU.Build.0 = Release|Any CPU
		{33AE1EDF-935C-43F5-A4BB-F378F216BDBF}.Debug|Any CPU.ActiveCfg = Debug|Any CPU
		{33AE1EDF-935C-43F5-A4BB-F378F216BDBF}.Debug|Any CPU.Build.0 = Debug|Any CPU
		{33AE1EDF-935C-43F5-A4BB-F378F216BDBF}.Release|Any CPU.ActiveCfg = Release|Any CPU
		{33AE1EDF-935C-43F5-A4BB-F378F216BDBF}.Release|Any CPU.Build.0 = Release|Any CPU
	EndGlobalSection
	GlobalSection(SolutionProperties) = preSolution
		HideSolutionNode = FALSE
	EndGlobalSection
EndGlobal
